
Microsoft Visual Studio Solution File, Format Version 12.00
# Visual Studio Version 17
VisualStudioVersion = 17.7.34031.279
MinimumVisualStudioVersion = 10.0.40219.1
Project("{FAE04EC0-301F-11D3-BF4B-00C04F79EFBC}") = "УПпрактика", "УПпрактика.csproj", "{1C8D9747-A254-4BD4-B0FE-29DC677E7ED1}"
EndProject
Global
	GlobalSection(SolutionConfigurationPlatforms) = preSolution
		Debug|Any CPU = Debug|Any CPU
		Release|Any CPU = Release|Any CPU
	EndGlobalSection
	GlobalSection(ProjectConfigurationPlatforms) = postSolution
		{1C8D9747-A254-4BD4-B0FE-29DC677E7ED1}.Debug|Any CPU.ActiveCfg = Debug|Any CPU
		{1C8D9747-A254-4BD4-B0FE-29DC677E7ED1}.Debug|Any CPU.Build.0 = Debug|Any CPU
		{1C8D9747-A254-4BD4-B0FE-29DC677E7ED1}.Release|Any CPU.ActiveCfg = Release|Any CPU
		{1C8D9747-A254-4BD4-B0FE-29DC677E7ED1}.Release|Any CPU.Build.0 = Release|Any CPU
	EndGlobalSection
	GlobalSection(SolutionProperties) = preSolution
		HideSolutionNode = FALSE
	EndGlobalSection
	GlobalSection(ExtensibilityGlobals) = postSolution
		SolutionGuid = {9159B129-1861-4364-990F-9BCC073B3150}
	EndGlobalSection
EndGlobal
